// !$*UTF8*$!
{
	archiveVersion = 1;
	classes = {
	};
	objectVersion = 46;
	objects = {

/* Begin PBXBuildFile section */
		AF88B1571E963F3F00E1B410 /* AppDelegate.swift in Sources */ = {isa = PBXBuildFile; fileRef = AF88B1561E963F3F00E1B410 /* AppDelegate.swift */; };
		AF88B1591E963F3F00E1B410 /* ViewController.swift in Sources */ = {isa = PBXBuildFile; fileRef = AF88B1581E963F3F00E1B410 /* ViewController.swift */; };
		AF88B15C1E963F3F00E1B410 /* Main.storyboard in Resources */ = {isa = PBXBuildFile; fileRef = AF88B15A1E963F3F00E1B410 /* Main.storyboard */; };
		AF88B15E1E963F3F00E1B410 /* Assets.xcassets in Resources */ = {isa = PBXBuildFile; fileRef = AF88B15D1E963F3F00E1B410 /* Assets.xcassets */; };
		AF88B1611E963F3F00E1B410 /* LaunchScreen.storyboard in Resources */ = {isa = PBXBuildFile; fileRef = AF88B15F1E963F3F00E1B410 /* LaunchScreen.storyboard */; };
		AF88B16A1E9640FB00E1B410 /* myCell.swift in Sources */ = {isa = PBXBuildFile; fileRef = AF88B1681E9640FB00E1B410 /* myCell.swift */; };
		AF88B16B1E9640FB00E1B410 /* myCell.xib in Resources */ = {isa = PBXBuildFile; fileRef = AF88B1691E9640FB00E1B410 /* myCell.xib */; };
/* End PBXBuildFile section */

/* Begin PBXFileReference section */
		AF88B1531E963F3F00E1B410 /* xibTest.app */ = {isa = PBXFileReference; explicitFileType = wrapper.application; includeInIndex = 0; path = xibTest.app; sourceTree = BUILT_PRODUCTS_DIR; };
		AF88B1561E963F3F00E1B410 /* AppDelegate.swift */ = {isa = PBXFileReference; lastKnownFileType = sourcecode.swift; path = AppDelegate.swift; sourceTree = "<group>"; };
		AF88B1581E963F3F00E1B410 /* ViewController.swift */ = {isa = PBXFileReference; lastKnownFileType = sourcecode.swift; path = ViewController.swift; sourceTree = "<group>"; };
		AF88B15B1E963F3F00E1B410 /* Base */ = {isa = PBXFileReference; lastKnownFileType = file.storyboard; name = Base; path = Base.lproj/Main.storyboard; sourceTree = "<group>"; };
		AF88B15D1E963F3F00E1B410 /* Assets.xcassets */ = {isa = PBXFileReference; lastKnownFileType = folder.assetcatalog; path = Assets.xcassets; sourceTree = "<group>"; };
		AF88B1601E963F3F00E1B410 /* Base */ = {isa = PBXFileReference; lastKnownFileType = file.storyboard; name = Base; path = Base.lproj/LaunchScreen.storyboard; sourceTree = "<group>"; };
		AF88B1621E963F3F00E1B410 /* Info.plist */ = {isa = PBXFileReference; lastKnownFileType = text.plist.xml; path = Info.plist; sourceTree = "<group>"; };
		AF88B1681E9640FB00E1B410 /* myCell.swift */ = {isa = PBXFileReference; fileEncoding = 4; lastKnownFileType = sourcecode.swift; path = myCell.swift; sourceTree = "<group>"; };
		AF88B1691E9640FB00E1B410 /* myCell.xib */ = {isa = PBXFileReference; fileEncoding = 4; lastKnownFileType = file.xib; path = myCell.xib; sourceTree = "<group>"; };
/* End PBXFileReference section */

/* Begin PBXFrameworksBuildPhase section */
		AF88B1501E963F3F00E1B410 /* Frameworks */ = {
			isa = PBXFrameworksBuildPhase;
			buildActionMask = 2147483647;
			files = (
			);
			runOnlyForDeploymentPostprocessing = 0;
		};
/* End PBXFrameworksBuildPhase section */

/* Begin PBXGroup section */
		AF88B14A1E963F3F00E1B410 = {
			isa = PBXGroup;
			children = (
				AF88B1681E9640FB00E1B410 /* myCell.swift */,
				AF88B1691E9640FB00E1B410 /* myCell.xib */,
				AF88B1551E963F3F00E1B410 /* xibTest */,
				AF88B1541E963F3F00E1B410 /* Products */,
			);
			sourceTree = "<group>";
		};
		AF88B1541E963F3F00E1B410 /* Products */ = {
			isa = PBXGroup;
			children = (
				AF88B1531E963F3F00E1B410 /* xibTest.app */,
			);
			name = Products;
			sourceTree = "<group>";
		};
		AF88B1551E963F3F00E1B410 /* xibTest */ = {
			isa = PBXGroup;
			children = (
				AF88B1561E963F3F00E1B410 /* AppDelegate.swift */,
				AF88B1581E963F3F00E1B410 /* ViewController.swift */,
				AF88B15A1E963F3F00E1B410 /* Main.storyboard */,
				AF88B15D1E963F3F00E1B410 /* Assets.xcassets */,
				AF88B15F1E963F3F00E1B410 /* LaunchScreen.storyboard */,
				AF88B1621E963F3F00E1B410 /* Info.plist */,
			);
			path = xibTest;
			sourceTree = "<group>";
		};
/* End PBXGroup section */

/* Begin PBXNativeTarget section */
		AF88B1521E963F3F00E1B410 /* xibTest */ = {
			isa = PBXNativeTarget;
			buildConfigurationList = AF88B1651E963F3F00E1B410 /* Build configuration list for PBXNativeTarget "xibTest" */;
			buildPhases = (
				AF88B14F1E963F3F00E1B410 /* Sources */,
				AF88B1501E963F3F00E1B410 /* Frameworks */,
				AF88B1511E963F3F00E1B410 /* Resources */,
			);
			buildRules = (
			);
			dependencies = (
			);
			name = xibTest;
			productName = xibTest;
			productReference = AF88B1531E963F3F00E1B410 /* xibTest.app */;
			productType = "com.apple.product-type.application";
		};
/* End PBXNativeTarget section */

/* Begin PBXProject section */
		AF88B14B1E963F3F00E1B410 /* Project object */ = {
			isa = PBXProject;
			attributes = {
				LastSwiftUpdateCheck = 0810;
				LastUpgradeCheck = 0810;
				ORGANIZATIONNAME = "ice elson";
				TargetAttributes = {
					AF88B1521E963F3F00E1B410 = {
						CreatedOnToolsVersion = 8.1;
						DevelopmentTeam = U55RL8468U;
						ProvisioningStyle = Automatic;
					};
				};
			};
			buildConfigurationList = AF88B14E1E963F3F00E1B410 /* Build configuration list for PBXProject "xibTest" */;
			compatibilityVersion = "Xcode 3.2";
			developmentRegion = English;
			hasScannedForEncodings = 0;
			knownRegions = (
				en,
				Base,
			);
			mainGroup = AF88B14A1E963F3F00E1B410;
			productRefGroup = AF88B1541E963F3F00E1B410 /* Products */;
			projectDirPath = "";
			projectRoot = "";
			targets = (
				AF88B1521E963F3F00E1B410 /* xibTest */,
			);
		};
/* End PBXProject section */

/* Begin PBXResourcesBuildPhase section */
		AF88B1511E963F3F00E1B410 /* Resources */ = {
			isa = PBXResourcesBuildPhase;
			buildActionMask = 2147483647;
			files = (
				AF88B1611E963F3F00E1B410 /* LaunchScreen.storyboard in Resources */,
				AF88B16B1E9640FB00E1B410 /* myCell.xib in Resources */,
				AF88B15E1E963F3F00E1B410 /* Assets.xcassets in Resources */,
				AF88B15C1E963F3F00E1B410 /* Main.storyboard in Resources */,
			);
			runOnlyForDeploymentPostprocessing = 0;
		};
/* End PBXResourcesBuildPhase section */

/* Begin PBXSourcesBuildPhase section */
		AF88B14F1E963F3F00E1B410 /* Sources */ = {
			isa = PBXSourcesBuildPhase;
			buildActionMask = 2147483647;
			files = (
				AF88B1591E963F3F00E1B410 /* ViewController.swift in Sources */,
				AF88B16A1E9640FB00E1B410 /* myCell.swift in Sources */,
				AF88B1571E963F3F00E1B410 /* AppDelegate.swift in Sources */,
			);
			runOnlyForDeploymentPostprocessing = 0;
		};
/* End PBXSourcesBuildPhase section */

/* Begin PBXVariantGroup section */
		AF88B15A1E963F3F00E1B410 /* Main.storyboard */ = {
			isa = PBXVariantGroup;
			children = (
				AF88B15B1E963F3F00E1B410 /* Base */,
			);
			name = Main.storyboard;
			sourceTree = "<group>";
		};
		AF88B15F1E963F3F00E1B410 /* LaunchScreen.storyboard */ = {
			isa = PBXVariantGroup;
			children = (
				AF88B1601E963F3F00E1B410 /* Base */,
			);
			name = LaunchScreen.storyboard;
			sourceTree = "<group>";
		};
/* End PBXVariantGroup section */

/* Begin XCBuildConfiguration section */
		AF88B1631E963F3F00E1B410 /* Debug */ = {
			isa = XCBuildConfiguration;
			buildSettings = {
				ALWAYS_SEARCH_USER_PATHS = NO;
				CLANG_ANALYZER_NONNULL = YES;
				CLANG_CXX_LANGUAGE_STANDARD = "gnu++0x";
				CLANG_CXX_LIBRARY = "libc++";
				CLANG_ENABLE_MODULES = YES;
				CLANG_ENABLE_OBJC_ARC = YES;
				CLANG_WARN_BOOL_CONVERSION = YES;
				CLANG_WARN_CONSTANT_CONVERSION = YES;
				CLANG_WARN_DIRECT_OBJC_ISA_USAGE = YES_ERROR;
				CLANG_WARN_DOCUMENTATION_COMMENTS = YES;
				CLANG_WARN_EMPTY_BODY = YES;
				CLANG_WARN_ENUM_CONVERSION = YES;
				CLANG_WARN_INFINITE_RECURSION = YES;
				CLANG_WARN_INT_CONVERSION = YES;
				CLANG_WARN_OBJC_ROOT_CLASS = YES_ERROR;
				CLANG_WARN_SUSPICIOUS_MOVES = YES;
				CLANG_WARN_UNREACHABLE_CODE = YES;
				CLANG_WARN__DUPLICATE_METHOD_MATCH = YES;
				"CODE_SIGN_IDENTITY[sdk=iphoneos*]" = "iPhone Developer";
				COPY_PHASE_STRIP = NO;
				DEBUG_INFORMATION_FORMAT = dwarf;
				ENABLE_STRICT_OBJC_MSGSEND = YES;
				ENABLE_TESTABILITY = YES;
				GCC_C_LANGUAGE_STANDARD = gnu99;
				GCC_DYNAMIC_NO_PIC = NO;
				GCC_NO_COMMON_BLOCKS = YES;
				GCC_OPTIMIZATION_LEVEL = 0;
				GCC_PREPROCESSOR_DEFINITIONS = (
					"DEBUG=1",
					"$(inherited)",
				);
				GCC_WARN_64_TO_32_BIT_CONVERSION = YES;
				GCC_WARN_ABOUT_RETURN_TYPE = YES_ERROR;
				GCC_WARN_UNDECLARED_SELECTOR = YES;
				GCC_WARN_UNINITIALIZED_AUTOS = YES_AGGRESSIVE;
				GCC_WARN_UNUSED_FUNCTION = YES;
				GCC_WARN_UNUSED_VARIABLE = YES;
				IPHONEOS_DEPLOYMENT_TARGET = 10.1;
				MTL_ENABLE_DEBUG_INFO = YES;
				ONLY_ACTIVE_ARCH = YES;
				SDKROOT = iphoneos;
				SWIFT_ACTIVE_COMPILATION_CONDITIONS = DEBUG;
				SWIFT_OPTIMIZATION_LEVEL = "-Onone";
			};
			name = Debug;
		};
		AF88B1641E963F3F00E1B410 /* Release */ = {
			isa = XCBuildConfiguration;
			buildSettings = {
				ALWAYS_SEARCH_USER_PATHS = NO;
				CLANG_ANALYZER_NONNULL = YES;
				CLANG_CXX_LANGUAGE_STANDARD = "gnu++0x";
				CLANG_CXX_LIBRARY = "libc++";
				CLANG_ENABLE_MODULES = YES;
				CLANG_ENABLE_OBJC_ARC = YES;
				CLANG_WARN_BOOL_CONVERSION = YES;
				CLANG_WARN_CONSTANT_CONVERSION = YES;
				CLANG_WARN_DIRECT_OBJC_ISA_USAGE = YES_ERROR;
				CLANG_WARN_DOCUMENTATION_COMMENTS = YES;
				CLANG_WARN_EMPTY_BODY = YES;
				CLANG_WARN_ENUM_CONVERSION = YES;
				CLANG_WARN_INFINITE_RECURSION = YES;
				CLANG_WARN_INT_CONVERSION = YES;
				CLANG_WARN_OBJC_ROOT_CLASS = YES_ERROR;
				CLANG_WARN_SUSPICIOUS_MOVES = YES;
				CLANG_WARN_UNREACHABLE_CODE = YES;
				CLANG_WARN__DUPLICATE_METHOD_MATCH = YES;
				"CODE_SIGN_IDENTITY[sdk=iphoneos*]" = "iPhone Developer";
				COPY_PHASE_STRIP = NO;
				DEBUG_INFORMATION_FORMAT = "dwarf-with-dsym";
				ENABLE_NS_ASSERTIONS = NO;
				ENABLE_STRICT_OBJC_MSGSEND = YES;
				GCC_C_LANGUAGE_STANDARD = gnu99;
				GCC_NO_COMMON_BLOCKS = YES;
				GCC_WARN_64_TO_32_BIT_CONVERSION = YES;
				GCC_WARN_ABOUT_RETURN_TYPE = YES_ERROR;
				GCC_WARN_UNDECLARED_SELECTOR = YES;
				GCC_WARN_UNINITIALIZED_AUTOS = YES_AGGRESSIVE;
				GCC_WARN_UNUSED_FUNCTION = YES;
				GCC_WARN_UNUSED_VARIABLE = YES;
				IPHONEOS_DEPLOYMENT_TARGET = 10.1;
				MTL_ENABLE_DEBUG_INFO = NO;
				SDKROOT = iphoneos;
				SWIFT_OPTIMIZATION_LEVEL = "-Owholemodule";
				VALIDATE_PRODUCT = YES;
			};
			name = Release;
		};
		AF88B1661E963F3F00E1B410 /* Debug */ = {
			isa = XCBuildConfiguration;
			buildSettings = {
				ASSETCATALOG_COMPILER_APPICON_NAME = AppIcon;
				DEVELOPMENT_TEAM = U55RL8468U;
				INFOPLIST_FILE = xibTest/Info.plist;
				LD_RUNPATH_SEARCH_PATHS = "$(inherited) @executable_path/Frameworks";
				PRODUCT_BUNDLE_IDENTIFIER = com.elson.xibTest;
				PRODUCT_NAME = "$(TARGET_NAME)";
				SWIFT_VERSION = 3.0;
			};
			name = Debug;
		};
		AF88B1671E963F3F00E1B410 /* Release */ = {
			isa = XCBuildConfiguration;
			buildSettings = {
				ASSETCATALOG_COMPILER_APPICON_NAME = AppIcon;
				DEVELOPMENT_TEAM = U55RL8468U;
				INFOPLIST_FILE = xibTest/Info.plist;
				LD_RUNPATH_SEARCH_PATHS = "$(inherited) @executable_path/Frameworks";
				PRODUCT_BUNDLE_IDENTIFIER = com.elson.xibTest;
				PRODUCT_NAME = "$(TARGET_NAME)";
				SWIFT_VERSION = 3.0;
			};
			name = Release;
		};
/* End XCBuildConfiguration section */

/* Begin XCConfigurationList section */
		AF88B14E1E963F3F00E1B410 /* Build configuration list for PBXProject "xibTest" */ = {
			isa = XCConfigurationList;
			buildConfigurations = (
				AF88B1631E963F3F00E1B410 /* Debug */,
				AF88B1641E963F3F00E1B410 /* Release */,
			);
			defaultConfigurationIsVisible = 0;
			defaultConfigurationName = Release;
		};
		AF88B1651E963F3F00E1B410 /* Build configuration list for PBXNativeTarget "xibTest" */ = {
			isa = XCConfigurationList;
			buildConfigurations = (
				AF88B1661E963F3F00E1B410 /* Debug */,
				AF88B1671E963F3F00E1B410 /* Release */,
			);
			defaultConfigurationIsVisible = 0;
		};
/* End XCConfigurationList section */
	};
	rootObject = AF88B14B1E963F3F00E1B410 /* Project object */;
}
